# THIS IS AN AUTOGENERATED FILE. DO NOT EDIT THIS FILE DIRECTLY.
# yarn lockfile v1


demuxer@^2.1.2:
  version "2.1.2"
  resolved "https://registry.npmjs.org/demuxer/-/demuxer-2.1.2.tgz#860556a32c1600afd41f21704660a276ef331a64"
  integrity sha512-jboK61lnEOwTfBLNBj49vMGHOvxISEdsYnbNsfvkYq9/z0bdzVb1Y/ZJD7tkcg78ZFjRq4s/EjpxXwurZwDjoA==
